
Microsoft Visual Studio Solution File, Format Version 12.00
# Visual Studio Version 16
VisualStudioVersion = 16.0.31911.196
MinimumVisualStudioVersion = 10.0.40219.1
Project("{9A19103F-16F7-4668-BE54-9A1E7A4F7556}") = "Currency Calculator", "Currency Calculator\Currency Calculator.csproj", "{D8B39193-BE52-47DB-8CCD-0F1025606326}"
EndProject
Project("{FAE04EC0-301F-11D3-BF4B-00C04F79EFBC}") = "Currency_Calculator.EntityFramework", "Currency_Calculator.EntityFramework\Currency_Calculator.EntityFramework.csproj", "{C227D160-7E17-4BC7-8643-3FE8F7A91830}"
EndProject
Project("{FAE04EC0-301F-11D3-BF4B-00C04F79EFBC}") = "Currency_Calculator.Domain", "Currency_Calculator.Domain\Currency_Calculator.Domain.csproj", "{839B8A75-C9BE-4F93-A66C-92849C7D23FF}"
EndProject
Global
	GlobalSection(SolutionConfigurationPlatforms) = preSolution
		Debug|Any CPU = Debug|Any CPU
		Release|Any CPU = Release|Any CPU
	EndGlobalSection
	GlobalSection(ProjectConfigurationPlatforms) = postSolution
		{D8B39193-BE52-47DB-8CCD-0F1025606326}.Debug|Any CPU.ActiveCfg = Debug|Any CPU
		{D8B39193-BE52-47DB-8CCD-0F1025606326}.Debug|Any CPU.Build.0 = Debug|Any CPU
		{D8B39193-BE52-47DB-8CCD-0F1025606326}.Release|Any CPU.ActiveCfg = Release|Any CPU
		{D8B39193-BE52-47DB-8CCD-0F1025606326}.Release|Any CPU.Build.0 = Release|Any CPU
		{C227D160-7E17-4BC7-8643-3FE8F7A91830}.Debug|Any CPU.ActiveCfg = Debug|Any CPU
		{C227D160-7E17-4BC7-8643-3FE8F7A91830}.Debug|Any CPU.Build.0 = Debug|Any CPU
		{C227D160-7E17-4BC7-8643-3FE8F7A91830}.Release|Any CPU.ActiveCfg = Release|Any CPU
		{C227D160-7E17-4BC7-8643-3FE8F7A91830}.Release|Any CPU.Build.0 = Release|Any CPU
		{839B8A75-C9BE-4F93-A66C-92849C7D23FF}.Debug|Any CPU.ActiveCfg = Debug|Any CPU
		{839B8A75-C9BE-4F93-A66C-92849C7D23FF}.Debug|Any CPU.Build.0 = Debug|Any CPU
		{839B8A75-C9BE-4F93-A66C-92849C7D23FF}.Release|Any CPU.ActiveCfg = Release|Any CPU
		{839B8A75-C9BE-4F93-A66C-92849C7D23FF}.Release|Any CPU.Build.0 = Release|Any CPU
	EndGlobalSection
	GlobalSection(SolutionProperties) = preSolution
		HideSolutionNode = FALSE
	EndGlobalSection
	GlobalSection(ExtensibilityGlobals) = postSolution
		SolutionGuid = {D09919E6-1300-40F5-9C8B-A951FCE8A61B}
	EndGlobalSection
EndGlobal
